<?xml version="1.0" encoding="utf-8"?>
<Project ToolsVersion="4.0" xmlns="http://schemas.microsoft.com/developer/msbuild/2003">
  <ItemGroup>
    <Filter Include="Source Files">
      <UniqueIdentifier>{4FC737F1-C7A5-4376-A066-2A32D752A2FF}</UniqueIdentifier>
      <Extensions>cpp;c;cc;cxx;def;odl;idl;hpj;bat;asm;asmx</Extensions>
    </Filter>
    <Filter Include="Header Files">
      <UniqueIdentifier>{93995380-89BD-4b04-88EB-625FBE52EBFB}</UniqueIdentifier>
      <Extensions>h;hh;hpp;hxx;hm;inl;inc;ipp;xsd</Extensions>
    </Filter>
    <Filter Include="Resource Files">
      <UniqueIdentifier>{67DA6AB6-F800-4c08-8B7A-83BB121AAD01}</UniqueIdentifier>
      <Extensions>rc;ico;cur;bmp;dlg;rc2;rct;bin;rgs;gif;jpg;jpeg;jpe;resx;tiff;tif;png;wav;mfcribbon-ms</Extensions>
    </Filter>
  </ItemGroup>
  <ItemGroup>
    <ClInclude Include="stdafx.h">
      <Filter>Header Files</Filter>
    </ClInclude>
    <ClInclude Include="targetver.h">
      <Filter>Header Files</Filter>
    </ClInclude>
    <ClInclude Include="..\OPaddrCommon\Addresses.h">
      <Filter>Header Files</Filter>
    </ClInclude>
    <ClInclude Include="..\OPaddrCommon\DeleteDlg.h">
      <Filter>Header Files</Filter>
    </ClInclude>
    <ClInclude Include="..\OPaddrCommon\LogFile.h">
      <Filter>Header Files</Filter>
    </ClInclude>
    <ClInclude Include="..\OPaddrCommon\OPaddress.h">
      <Filter>Header Files</Filter>
    </ClInclude>
    <ClInclude Include="..\OPaddrCommon\OPaddressDlg.h">
      <Filter>Header Files</Filter>
    </ClInclude>
    <ClInclude Include="..\OPaddrCommon\resource.h">
      <Filter>Header Files</Filter>
    </ClInclude>
    <ClInclude Include="..\OPaddrCommon\SaveAddresses.h">
      <Filter>Header Files</Filter>
    </ClInclude>
    <ClInclude Include="..\..\Library\AboutFiles\About.h">
      <Filter>Header Files</Filter>
    </ClInclude>
    <ClInclude Include="..\OPaddrCommon\EditAddrDlg.h">
      <Filter>Header Files</Filter>
    </ClInclude>
    <ClInclude Include="..\OPaddrCommon\ListBox.h">
      <Filter>Header Files</Filter>
    </ClInclude>
    <ClInclude Include="..\CommonFiles\OutpostChoiceDlg.h">
      <Filter>Header Files</Filter>
    </ClInclude>
    <ClInclude Include="..\CommonFiles\ProgramFiles.h">
      <Filter>Header Files</Filter>
    </ClInclude>
  </ItemGroup>
  <ItemGroup>
    <ClCompile Include="stdafx.cpp">
      <Filter>Source Files</Filter>
    </ClCompile>
    <ClCompile Include="..\OPaddrCommon\Addresses.cpp">
      <Filter>Source Files</Filter>
    </ClCompile>
    <ClCompile Include="..\OPaddrCommon\DeleteDlg.cpp">
      <Filter>Source Files</Filter>
    </ClCompile>
    <ClCompile Include="..\OPaddrCommon\LogFile.cpp">
      <Filter>Source Files</Filter>
    </ClCompile>
    <ClCompile Include="..\OPaddrCommon\OPaddress.cpp">
      <Filter>Source Files</Filter>
    </ClCompile>
    <ClCompile Include="..\OPaddrCommon\OPaddressDlg.cpp">
      <Filter>Source Files</Filter>
    </ClCompile>
    <ClCompile Include="..\OPaddrCommon\SaveAddresses.cpp">
      <Filter>Source Files</Filter>
    </ClCompile>
    <ClCompile Include="..\..\Library\AboutFiles\About.cpp">
      <Filter>Source Files</Filter>
    </ClCompile>
    <ClCompile Include="..\OPaddrCommon\EditAddrDlg.cpp">
      <Filter>Source Files</Filter>
    </ClCompile>
    <ClCompile Include="..\OPaddrCommon\ListBox.cpp">
      <Filter>Source Files</Filter>
    </ClCompile>
    <ClCompile Include="..\CommonFiles\OutpostChoiceDlg.cpp">
      <Filter>Source Files</Filter>
    </ClCompile>
    <ClCompile Include="..\CommonFiles\ProgramFiles.cpp">
      <Filter>Source Files</Filter>
    </ClCompile>
  </ItemGroup>
  <ItemGroup>
    <None Include="..\OPaddrCommon\res\Address.ico">
      <Filter>Resource Files</Filter>
    </None>
    <None Include="..\OPaddrCommon\res\OPaddress.ico">
      <Filter>Resource Files</Filter>
    </None>
    <None Include="..\OPaddrCommon\res\OPaddress.rc2">
      <Filter>Resource Files</Filter>
    </None>
    <None Include="..\..\Library\AboutFiles\About.rc2">
      <Filter>Resource Files</Filter>
    </None>
    <None Include="C:\Users\rrvt\AppData\Roaming\OPaddress\OPaddress.ini" />
  </ItemGroup>
  <ItemGroup>
    <ResourceCompile Include="..\OPaddrCommon\OPaddress.rc">
      <Filter>Resource Files</Filter>
    </ResourceCompile>
  </ItemGroup>
</Project>