
Microsoft Visual Studio Solution File, Format Version 12.00
# Visual Studio 15
VisualStudioVersion = 15.0.28307.572
MinimumVisualStudioVersion = 10.0.40219.1
Project("{8BC9CEB8-8B4A-11D0-8D11-00A0C91BC942}") = "PreOWinXP", "PreOWinXP.vcxproj", "{8EA9F23E-85E9-4294-A9E8-9E3ABFDBE8FA}"
	ProjectSection(ProjectDependencies) = postProject
		{663882AC-FB6E-434A-91F9-9E2C553183FA} = {663882AC-FB6E-434A-91F9-9E2C553183FA}
	EndProjectSection
EndProject
Project("{930C7802-8A8C-48F9-8165-68863BCCD9DD}") = "PreOWinXPinstaller", "..\PreOWinXPinstaller\PreOWinXPinstaller.wixproj", "{E591DAEA-35F2-4A2B-A45C-43E5A31AAC74}"
	ProjectSection(ProjectDependencies) = postProject
		{84CA051F-A51F-452C-AD6B-3EDE63EA9867} = {84CA051F-A51F-452C-AD6B-3EDE63EA9867}
		{663882AC-FB6E-434A-91F9-9E2C553183FA} = {663882AC-FB6E-434A-91F9-9E2C553183FA}
	EndProjectSection
EndProject
Project("{8BC9CEB8-8B4A-11D0-8D11-00A0C91BC942}") = "LibWinXP", "..\..\Library\LibWinXP\LibWinXP.vcxproj", "{84CA051F-A51F-452C-AD6B-3EDE63EA9867}"
EndProject
Project("{8BC9CEB8-8B4A-11D0-8D11-00A0C91BC942}") = "OPaddressXP", "..\OPaddressXP\OPaddressXP.vcxproj", "{663882AC-FB6E-434A-91F9-9E2C553183FA}"
EndProject
Global
	GlobalSection(SolutionConfigurationPlatforms) = preSolution
		Debug|Win32 = Debug|Win32
		Debug|x86 = Debug|x86
		Release|Win32 = Release|Win32
		Release|x86 = Release|x86
	EndGlobalSection
	GlobalSection(ProjectConfigurationPlatforms) = postSolution
		{8EA9F23E-85E9-4294-A9E8-9E3ABFDBE8FA}.Debug|Win32.ActiveCfg = Debug|Win32
		{8EA9F23E-85E9-4294-A9E8-9E3ABFDBE8FA}.Debug|Win32.Build.0 = Debug|Win32
		{8EA9F23E-85E9-4294-A9E8-9E3ABFDBE8FA}.Debug|x86.ActiveCfg = Debug|Win32
		{8EA9F23E-85E9-4294-A9E8-9E3ABFDBE8FA}.Debug|x86.Build.0 = Debug|Win32
		{8EA9F23E-85E9-4294-A9E8-9E3ABFDBE8FA}.Release|Win32.ActiveCfg = Release|Win32
		{8EA9F23E-85E9-4294-A9E8-9E3ABFDBE8FA}.Release|Win32.Build.0 = Release|Win32
		{8EA9F23E-85E9-4294-A9E8-9E3ABFDBE8FA}.Release|x86.ActiveCfg = Release|Win32
		{8EA9F23E-85E9-4294-A9E8-9E3ABFDBE8FA}.Release|x86.Build.0 = Release|Win32
		{E591DAEA-35F2-4A2B-A45C-43E5A31AAC74}.Debug|Win32.ActiveCfg = Debug|x86
		{E591DAEA-35F2-4A2B-A45C-43E5A31AAC74}.Debug|x86.ActiveCfg = Debug|x86
		{E591DAEA-35F2-4A2B-A45C-43E5A31AAC74}.Debug|x86.Build.0 = Debug|x86
		{E591DAEA-35F2-4A2B-A45C-43E5A31AAC74}.Release|Win32.ActiveCfg = Release|x86
		{E591DAEA-35F2-4A2B-A45C-43E5A31AAC74}.Release|Win32.Build.0 = Release|x86
		{E591DAEA-35F2-4A2B-A45C-43E5A31AAC74}.Release|x86.ActiveCfg = Release|x86
		{E591DAEA-35F2-4A2B-A45C-43E5A31AAC74}.Release|x86.Build.0 = Release|x86
		{84CA051F-A51F-452C-AD6B-3EDE63EA9867}.Debug|Win32.ActiveCfg = Debug|Win32
		{84CA051F-A51F-452C-AD6B-3EDE63EA9867}.Debug|Win32.Build.0 = Debug|Win32
		{84CA051F-A51F-452C-AD6B-3EDE63EA9867}.Debug|x86.ActiveCfg = Debug|Win32
		{84CA051F-A51F-452C-AD6B-3EDE63EA9867}.Debug|x86.Build.0 = Debug|Win32
		{84CA051F-A51F-452C-AD6B-3EDE63EA9867}.Release|Win32.ActiveCfg = Release|Win32
		{84CA051F-A51F-452C-AD6B-3EDE63EA9867}.Release|Win32.Build.0 = Release|Win32
		{84CA051F-A51F-452C-AD6B-3EDE63EA9867}.Release|x86.ActiveCfg = Release|Win32
		{84CA051F-A51F-452C-AD6B-3EDE63EA9867}.Release|x86.Build.0 = Release|Win32
		{663882AC-FB6E-434A-91F9-9E2C553183FA}.Debug|Win32.ActiveCfg = Debug|Win32
		{663882AC-FB6E-434A-91F9-9E2C553183FA}.Debug|Win32.Build.0 = Debug|Win32
		{663882AC-FB6E-434A-91F9-9E2C553183FA}.Debug|x86.ActiveCfg = Debug|Win32
		{663882AC-FB6E-434A-91F9-9E2C553183FA}.Debug|x86.Build.0 = Debug|Win32
		{663882AC-FB6E-434A-91F9-9E2C553183FA}.Release|Win32.ActiveCfg = Release|Win32
		{663882AC-FB6E-434A-91F9-9E2C553183FA}.Release|Win32.Build.0 = Release|Win32
		{663882AC-FB6E-434A-91F9-9E2C553183FA}.Release|x86.ActiveCfg = Release|Win32
		{663882AC-FB6E-434A-91F9-9E2C553183FA}.Release|x86.Build.0 = Release|Win32
	EndGlobalSection
	GlobalSection(SolutionProperties) = preSolution
		HideSolutionNode = FALSE
	EndGlobalSection
	GlobalSection(ExtensibilityGlobals) = postSolution
		SolutionGuid = {5E165B4D-3960-4434-93BE-9E90A84DD16C}
	EndGlobalSection
EndGlobal
