
Microsoft Visual Studio Solution File, Format Version 12.00
# Visual Studio Version 17
VisualStudioVersion = 17.0.32126.317
MinimumVisualStudioVersion = 10.0.40219.1
Project("{8BC9CEB8-8B4A-11D0-8D11-00A0C91BC942}") = "PreOutpost", "..\PreOutpost.prj\PreOutpost.vcxproj", "{842FBB02-DB38-410C-AA42-9660D2962E33}"
	ProjectSection(ProjectDependencies) = postProject
		{1CFA5F71-F2BE-47AB-AFB1-9A91D62DCFB0} = {1CFA5F71-F2BE-47AB-AFB1-9A91D62DCFB0}
		{4BB486A1-71EA-4F95-99BF-238FA918D66C} = {4BB486A1-71EA-4F95-99BF-238FA918D66C}
		{560B2988-8FFC-4CA9-8B1A-F5D8EFC8FA57} = {560B2988-8FFC-4CA9-8B1A-F5D8EFC8FA57}
		{571B7A79-7DBB-45C3-866F-58155AF43D19} = {571B7A79-7DBB-45C3-866F-58155AF43D19}
		{CF57F3EC-D3DB-4469-8519-3F9D73785D9B} = {CF57F3EC-D3DB-4469-8519-3F9D73785D9B}
		{D0FDD57B-5315-4E31-B0C9-FCFB7A0285F6} = {D0FDD57B-5315-4E31-B0C9-FCFB7A0285F6}
	EndProjectSection
EndProject
Project("{8BC9CEB8-8B4A-11D0-8D11-00A0C91BC942}") = "PreOutpostHlp", "..\PreOutpost.hlp\PreOutpostHlp.vcxproj", "{4BB486A1-71EA-4F95-99BF-238FA918D66C}"
EndProject
Project("{930C7802-8A8C-48F9-8165-68863BCCD9DD}") = "PreOutpostWix", "..\PreOutpost.wix\PreOutpostWix.wixproj", "{697706A7-4FEB-48D0-BDBD-522042CB4EDD}"
	ProjectSection(ProjectDependencies) = postProject
		{1CFA5F71-F2BE-47AB-AFB1-9A91D62DCFB0} = {1CFA5F71-F2BE-47AB-AFB1-9A91D62DCFB0}
		{4BB486A1-71EA-4F95-99BF-238FA918D66C} = {4BB486A1-71EA-4F95-99BF-238FA918D66C}
		{560B2988-8FFC-4CA9-8B1A-F5D8EFC8FA57} = {560B2988-8FFC-4CA9-8B1A-F5D8EFC8FA57}
		{571B7A79-7DBB-45C3-866F-58155AF43D19} = {571B7A79-7DBB-45C3-866F-58155AF43D19}
		{842FBB02-DB38-410C-AA42-9660D2962E33} = {842FBB02-DB38-410C-AA42-9660D2962E33}
		{CF57F3EC-D3DB-4469-8519-3F9D73785D9B} = {CF57F3EC-D3DB-4469-8519-3F9D73785D9B}
		{D0FDD57B-5315-4E31-B0C9-FCFB7A0285F6} = {D0FDD57B-5315-4E31-B0C9-FCFB7A0285F6}
	EndProjectSection
EndProject
Project("{8BC9CEB8-8B4A-11D0-8D11-00A0C91BC942}") = "Library", "..\..\Library\Library\Library.vcxproj", "{CF57F3EC-D3DB-4469-8519-3F9D73785D9B}"
	ProjectSection(ProjectDependencies) = postProject
		{4BB486A1-71EA-4F95-99BF-238FA918D66C} = {4BB486A1-71EA-4F95-99BF-238FA918D66C}
		{571B7A79-7DBB-45C3-866F-58155AF43D19} = {571B7A79-7DBB-45C3-866F-58155AF43D19}
	EndProjectSection
EndProject
Project("{8BC9CEB8-8B4A-11D0-8D11-00A0C91BC942}") = "OpAddrBk.hlp", "..\OpAddrBk.hlp\OpAddrBk.hlp.vcxproj", "{571B7A79-7DBB-45C3-866F-58155AF43D19}"
EndProject
Project("{8BC9CEB8-8B4A-11D0-8D11-00A0C91BC942}") = "OpAddrBk", "..\OpAddrBk.prj\OpAddrBk.vcxproj", "{560B2988-8FFC-4CA9-8B1A-F5D8EFC8FA57}"
	ProjectSection(ProjectDependencies) = postProject
		{571B7A79-7DBB-45C3-866F-58155AF43D19} = {571B7A79-7DBB-45C3-866F-58155AF43D19}
		{CF57F3EC-D3DB-4469-8519-3F9D73785D9B} = {CF57F3EC-D3DB-4469-8519-3F9D73785D9B}
		{D0FDD57B-5315-4E31-B0C9-FCFB7A0285F6} = {D0FDD57B-5315-4E31-B0C9-FCFB7A0285F6}
	EndProjectSection
EndProject
Project("{930C7802-8A8C-48F9-8165-68863BCCD9DD}") = "OpAddrBk.wix", "..\OpAddrBk.wix\OpAddrBk.wix.wixproj", "{1CFA5F71-F2BE-47AB-AFB1-9A91D62DCFB0}"
	ProjectSection(ProjectDependencies) = postProject
		{560B2988-8FFC-4CA9-8B1A-F5D8EFC8FA57} = {560B2988-8FFC-4CA9-8B1A-F5D8EFC8FA57}
		{571B7A79-7DBB-45C3-866F-58155AF43D19} = {571B7A79-7DBB-45C3-866F-58155AF43D19}
		{CF57F3EC-D3DB-4469-8519-3F9D73785D9B} = {CF57F3EC-D3DB-4469-8519-3F9D73785D9B}
		{D0FDD57B-5315-4E31-B0C9-FCFB7A0285F6} = {D0FDD57B-5315-4E31-B0C9-FCFB7A0285F6}
	EndProjectSection
EndProject
Project("{8BC9CEB8-8B4A-11D0-8D11-00A0C91BC942}") = "DocView", "..\..\Library\DocView\DocView.vcxproj", "{D0FDD57B-5315-4E31-B0C9-FCFB7A0285F6}"
EndProject
Global
	GlobalSection(SolutionConfigurationPlatforms) = preSolution
		Debug|Win32 = Debug|Win32
		Release|Win32 = Release|Win32
	EndGlobalSection
	GlobalSection(ProjectConfigurationPlatforms) = postSolution
		{842FBB02-DB38-410C-AA42-9660D2962E33}.Debug|Win32.ActiveCfg = Debug|Win32
		{842FBB02-DB38-410C-AA42-9660D2962E33}.Debug|Win32.Build.0 = Debug|Win32
		{842FBB02-DB38-410C-AA42-9660D2962E33}.Release|Win32.ActiveCfg = Release|Win32
		{842FBB02-DB38-410C-AA42-9660D2962E33}.Release|Win32.Build.0 = Release|Win32
		{4BB486A1-71EA-4F95-99BF-238FA918D66C}.Debug|Win32.ActiveCfg = Debug|Win32
		{4BB486A1-71EA-4F95-99BF-238FA918D66C}.Debug|Win32.Build.0 = Debug|Win32
		{4BB486A1-71EA-4F95-99BF-238FA918D66C}.Release|Win32.ActiveCfg = Release|Win32
		{4BB486A1-71EA-4F95-99BF-238FA918D66C}.Release|Win32.Build.0 = Release|Win32
		{697706A7-4FEB-48D0-BDBD-522042CB4EDD}.Debug|Win32.ActiveCfg = Debug|x86
		{697706A7-4FEB-48D0-BDBD-522042CB4EDD}.Release|Win32.ActiveCfg = Release|x86
		{697706A7-4FEB-48D0-BDBD-522042CB4EDD}.Release|Win32.Build.0 = Release|x86
		{CF57F3EC-D3DB-4469-8519-3F9D73785D9B}.Debug|Win32.ActiveCfg = Debug|Win32
		{CF57F3EC-D3DB-4469-8519-3F9D73785D9B}.Debug|Win32.Build.0 = Debug|Win32
		{CF57F3EC-D3DB-4469-8519-3F9D73785D9B}.Release|Win32.ActiveCfg = Release|Win32
		{CF57F3EC-D3DB-4469-8519-3F9D73785D9B}.Release|Win32.Build.0 = Release|Win32
		{571B7A79-7DBB-45C3-866F-58155AF43D19}.Debug|Win32.ActiveCfg = Debug|Win32
		{571B7A79-7DBB-45C3-866F-58155AF43D19}.Debug|Win32.Build.0 = Debug|Win32
		{571B7A79-7DBB-45C3-866F-58155AF43D19}.Release|Win32.ActiveCfg = Release|Win32
		{571B7A79-7DBB-45C3-866F-58155AF43D19}.Release|Win32.Build.0 = Release|Win32
		{560B2988-8FFC-4CA9-8B1A-F5D8EFC8FA57}.Debug|Win32.ActiveCfg = Debug|Win32
		{560B2988-8FFC-4CA9-8B1A-F5D8EFC8FA57}.Debug|Win32.Build.0 = Debug|Win32
		{560B2988-8FFC-4CA9-8B1A-F5D8EFC8FA57}.Release|Win32.ActiveCfg = Release|Win32
		{560B2988-8FFC-4CA9-8B1A-F5D8EFC8FA57}.Release|Win32.Build.0 = Release|Win32
		{1CFA5F71-F2BE-47AB-AFB1-9A91D62DCFB0}.Debug|Win32.ActiveCfg = Debug|x86
		{1CFA5F71-F2BE-47AB-AFB1-9A91D62DCFB0}.Release|Win32.ActiveCfg = Release|x86
		{1CFA5F71-F2BE-47AB-AFB1-9A91D62DCFB0}.Release|Win32.Build.0 = Release|x86
		{D0FDD57B-5315-4E31-B0C9-FCFB7A0285F6}.Debug|Win32.ActiveCfg = Debug|Win32
		{D0FDD57B-5315-4E31-B0C9-FCFB7A0285F6}.Debug|Win32.Build.0 = Debug|Win32
		{D0FDD57B-5315-4E31-B0C9-FCFB7A0285F6}.Release|Win32.ActiveCfg = Release|Win32
		{D0FDD57B-5315-4E31-B0C9-FCFB7A0285F6}.Release|Win32.Build.0 = Release|Win32
	EndGlobalSection
	GlobalSection(SolutionProperties) = preSolution
		HideSolutionNode = FALSE
	EndGlobalSection
	GlobalSection(ExtensibilityGlobals) = postSolution
		SolutionGuid = {D9FC6330-7FE5-4419-B020-2FEF5E116900}
	EndGlobalSection
EndGlobal
