
Microsoft Visual Studio Solution File, Format Version 12.00
# Visual Studio 15
VisualStudioVersion = 15.0.28307.438
MinimumVisualStudioVersion = 10.0.40219.1
Project("{8BC9CEB8-8B4A-11D0-8D11-00A0C91BC942}") = "PreOWin7", "PreOWin7.vcxproj", "{842FBB02-DB38-410C-AA42-9660D2962E33}"
	ProjectSection(ProjectDependencies) = postProject
		{4BB486A1-71EA-4F95-99BF-238FA918D66C} = {4BB486A1-71EA-4F95-99BF-238FA918D66C}
		{347359E1-94A1-42B6-9EB7-AD084BF60BA5} = {347359E1-94A1-42B6-9EB7-AD084BF60BA5}
	EndProjectSection
EndProject
Project("{8BC9CEB8-8B4A-11D0-8D11-00A0C91BC942}") = "Hlp", "..\Hlp\Hlp.vcxproj", "{4BB486A1-71EA-4F95-99BF-238FA918D66C}"
EndProject
Project("{930C7802-8A8C-48F9-8165-68863BCCD9DD}") = "PreOWin7Installer", "..\PreOWin7Installer\PreOWin7Installer.wixproj", "{697706A7-4FEB-48D0-BDBD-522042CB4EDD}"
	ProjectSection(ProjectDependencies) = postProject
		{026B6A7E-3FA6-423E-B20E-0098882ECABB} = {026B6A7E-3FA6-423E-B20E-0098882ECABB}
		{4BB486A1-71EA-4F95-99BF-238FA918D66C} = {4BB486A1-71EA-4F95-99BF-238FA918D66C}
	EndProjectSection
EndProject
Project("{8BC9CEB8-8B4A-11D0-8D11-00A0C91BC942}") = "LibWin7", "..\..\..\Sources\Library\LibWin7\LibWin7.vcxproj", "{026B6A7E-3FA6-423E-B20E-0098882ECABB}"
EndProject
Project("{8BC9CEB8-8B4A-11D0-8D11-00A0C91BC942}") = "OPaddress", "..\OPaddress\OPaddress.vcxproj", "{347359E1-94A1-42B6-9EB7-AD084BF60BA5}"
EndProject
Global
	GlobalSection(SolutionConfigurationPlatforms) = preSolution
		Debug|Mixed Platforms = Debug|Mixed Platforms
		Debug|Win32 = Debug|Win32
		Debug|x64 = Debug|x64
		Debug|x86 = Debug|x86
		Release|Mixed Platforms = Release|Mixed Platforms
		Release|Win32 = Release|Win32
		Release|x64 = Release|x64
		Release|x86 = Release|x86
	EndGlobalSection
	GlobalSection(ProjectConfigurationPlatforms) = postSolution
		{842FBB02-DB38-410C-AA42-9660D2962E33}.Debug|Mixed Platforms.ActiveCfg = Debug|Win32
		{842FBB02-DB38-410C-AA42-9660D2962E33}.Debug|Win32.ActiveCfg = Debug|Win32
		{842FBB02-DB38-410C-AA42-9660D2962E33}.Debug|Win32.Build.0 = Debug|Win32
		{842FBB02-DB38-410C-AA42-9660D2962E33}.Debug|x64.ActiveCfg = Debug|Win32
		{842FBB02-DB38-410C-AA42-9660D2962E33}.Debug|x86.ActiveCfg = Debug|Win32
		{842FBB02-DB38-410C-AA42-9660D2962E33}.Release|Mixed Platforms.ActiveCfg = Release|Win32
		{842FBB02-DB38-410C-AA42-9660D2962E33}.Release|Mixed Platforms.Build.0 = Release|Win32
		{842FBB02-DB38-410C-AA42-9660D2962E33}.Release|Win32.ActiveCfg = Release|Win32
		{842FBB02-DB38-410C-AA42-9660D2962E33}.Release|Win32.Build.0 = Release|Win32
		{842FBB02-DB38-410C-AA42-9660D2962E33}.Release|x64.ActiveCfg = Release|Win32
		{842FBB02-DB38-410C-AA42-9660D2962E33}.Release|x86.ActiveCfg = Release|Win32
		{4BB486A1-71EA-4F95-99BF-238FA918D66C}.Debug|Mixed Platforms.ActiveCfg = Debug|Win32
		{4BB486A1-71EA-4F95-99BF-238FA918D66C}.Debug|Mixed Platforms.Build.0 = Debug|Win32
		{4BB486A1-71EA-4F95-99BF-238FA918D66C}.Debug|Win32.ActiveCfg = Debug|Win32
		{4BB486A1-71EA-4F95-99BF-238FA918D66C}.Debug|Win32.Build.0 = Debug|Win32
		{4BB486A1-71EA-4F95-99BF-238FA918D66C}.Debug|x64.ActiveCfg = Debug|x64
		{4BB486A1-71EA-4F95-99BF-238FA918D66C}.Debug|x64.Build.0 = Debug|x64
		{4BB486A1-71EA-4F95-99BF-238FA918D66C}.Debug|x86.ActiveCfg = Debug|Win32
		{4BB486A1-71EA-4F95-99BF-238FA918D66C}.Debug|x86.Build.0 = Debug|Win32
		{4BB486A1-71EA-4F95-99BF-238FA918D66C}.Release|Mixed Platforms.ActiveCfg = Release|Win32
		{4BB486A1-71EA-4F95-99BF-238FA918D66C}.Release|Mixed Platforms.Build.0 = Release|Win32
		{4BB486A1-71EA-4F95-99BF-238FA918D66C}.Release|Win32.ActiveCfg = Release|Win32
		{4BB486A1-71EA-4F95-99BF-238FA918D66C}.Release|Win32.Build.0 = Release|Win32
		{4BB486A1-71EA-4F95-99BF-238FA918D66C}.Release|x64.ActiveCfg = Release|x64
		{4BB486A1-71EA-4F95-99BF-238FA918D66C}.Release|x64.Build.0 = Release|x64
		{4BB486A1-71EA-4F95-99BF-238FA918D66C}.Release|x86.ActiveCfg = Release|Win32
		{4BB486A1-71EA-4F95-99BF-238FA918D66C}.Release|x86.Build.0 = Release|Win32
		{697706A7-4FEB-48D0-BDBD-522042CB4EDD}.Debug|Mixed Platforms.ActiveCfg = Debug|x86
		{697706A7-4FEB-48D0-BDBD-522042CB4EDD}.Debug|Mixed Platforms.Build.0 = Debug|x86
		{697706A7-4FEB-48D0-BDBD-522042CB4EDD}.Debug|Win32.ActiveCfg = Debug|x86
		{697706A7-4FEB-48D0-BDBD-522042CB4EDD}.Debug|x64.ActiveCfg = Debug|x86
		{697706A7-4FEB-48D0-BDBD-522042CB4EDD}.Debug|x86.ActiveCfg = Debug|x86
		{697706A7-4FEB-48D0-BDBD-522042CB4EDD}.Debug|x86.Build.0 = Debug|x86
		{697706A7-4FEB-48D0-BDBD-522042CB4EDD}.Release|Mixed Platforms.ActiveCfg = Release|x86
		{697706A7-4FEB-48D0-BDBD-522042CB4EDD}.Release|Mixed Platforms.Build.0 = Release|x86
		{697706A7-4FEB-48D0-BDBD-522042CB4EDD}.Release|Win32.ActiveCfg = Release|x86
		{697706A7-4FEB-48D0-BDBD-522042CB4EDD}.Release|Win32.Build.0 = Release|x86
		{697706A7-4FEB-48D0-BDBD-522042CB4EDD}.Release|x64.ActiveCfg = Release|x86
		{697706A7-4FEB-48D0-BDBD-522042CB4EDD}.Release|x86.ActiveCfg = Release|x86
		{697706A7-4FEB-48D0-BDBD-522042CB4EDD}.Release|x86.Build.0 = Release|x86
		{026B6A7E-3FA6-423E-B20E-0098882ECABB}.Debug|Mixed Platforms.ActiveCfg = Debug|Win32
		{026B6A7E-3FA6-423E-B20E-0098882ECABB}.Debug|Mixed Platforms.Build.0 = Debug|Win32
		{026B6A7E-3FA6-423E-B20E-0098882ECABB}.Debug|Win32.ActiveCfg = Debug|Win32
		{026B6A7E-3FA6-423E-B20E-0098882ECABB}.Debug|Win32.Build.0 = Debug|Win32
		{026B6A7E-3FA6-423E-B20E-0098882ECABB}.Debug|x64.ActiveCfg = Debug|x64
		{026B6A7E-3FA6-423E-B20E-0098882ECABB}.Debug|x64.Build.0 = Debug|x64
		{026B6A7E-3FA6-423E-B20E-0098882ECABB}.Debug|x86.ActiveCfg = Debug|Win32
		{026B6A7E-3FA6-423E-B20E-0098882ECABB}.Debug|x86.Build.0 = Debug|Win32
		{026B6A7E-3FA6-423E-B20E-0098882ECABB}.Release|Mixed Platforms.ActiveCfg = Release|Win32
		{026B6A7E-3FA6-423E-B20E-0098882ECABB}.Release|Mixed Platforms.Build.0 = Release|Win32
		{026B6A7E-3FA6-423E-B20E-0098882ECABB}.Release|Win32.ActiveCfg = Release|Win32
		{026B6A7E-3FA6-423E-B20E-0098882ECABB}.Release|Win32.Build.0 = Release|Win32
		{026B6A7E-3FA6-423E-B20E-0098882ECABB}.Release|x64.ActiveCfg = Release|x64
		{026B6A7E-3FA6-423E-B20E-0098882ECABB}.Release|x64.Build.0 = Release|x64
		{026B6A7E-3FA6-423E-B20E-0098882ECABB}.Release|x86.ActiveCfg = Release|Win32
		{026B6A7E-3FA6-423E-B20E-0098882ECABB}.Release|x86.Build.0 = Release|Win32
		{347359E1-94A1-42B6-9EB7-AD084BF60BA5}.Debug|Mixed Platforms.ActiveCfg = Debug|Win32
		{347359E1-94A1-42B6-9EB7-AD084BF60BA5}.Debug|Mixed Platforms.Build.0 = Debug|Win32
		{347359E1-94A1-42B6-9EB7-AD084BF60BA5}.Debug|Win32.ActiveCfg = Debug|Win32
		{347359E1-94A1-42B6-9EB7-AD084BF60BA5}.Debug|Win32.Build.0 = Debug|Win32
		{347359E1-94A1-42B6-9EB7-AD084BF60BA5}.Debug|x64.ActiveCfg = Debug|x64
		{347359E1-94A1-42B6-9EB7-AD084BF60BA5}.Debug|x64.Build.0 = Debug|x64
		{347359E1-94A1-42B6-9EB7-AD084BF60BA5}.Debug|x86.ActiveCfg = Debug|Win32
		{347359E1-94A1-42B6-9EB7-AD084BF60BA5}.Debug|x86.Build.0 = Debug|Win32
		{347359E1-94A1-42B6-9EB7-AD084BF60BA5}.Release|Mixed Platforms.ActiveCfg = Release|Win32
		{347359E1-94A1-42B6-9EB7-AD084BF60BA5}.Release|Mixed Platforms.Build.0 = Release|Win32
		{347359E1-94A1-42B6-9EB7-AD084BF60BA5}.Release|Win32.ActiveCfg = Release|Win32
		{347359E1-94A1-42B6-9EB7-AD084BF60BA5}.Release|Win32.Build.0 = Release|Win32
		{347359E1-94A1-42B6-9EB7-AD084BF60BA5}.Release|x64.ActiveCfg = Release|x64
		{347359E1-94A1-42B6-9EB7-AD084BF60BA5}.Release|x64.Build.0 = Release|x64
		{347359E1-94A1-42B6-9EB7-AD084BF60BA5}.Release|x86.ActiveCfg = Release|Win32
		{347359E1-94A1-42B6-9EB7-AD084BF60BA5}.Release|x86.Build.0 = Release|Win32
	EndGlobalSection
	GlobalSection(SolutionProperties) = preSolution
		HideSolutionNode = FALSE
	EndGlobalSection
	GlobalSection(ExtensibilityGlobals) = postSolution
		SolutionGuid = {D9FC6330-7FE5-4419-B020-2FEF5E116900}
	EndGlobalSection
EndGlobal
