<?xml version="1.0" encoding="utf-8"?>
<Project ToolsVersion="4.0" xmlns="http://schemas.microsoft.com/developer/msbuild/2003">
  <ItemGroup>
    <Filter Include="Source Files">
      <UniqueIdentifier>{4FC737F1-C7A5-4376-A066-2A32D752A2FF}</UniqueIdentifier>
      <Extensions>cpp;c;cc;cxx;def;odl;idl;hpj;bat;asm;asmx</Extensions>
    </Filter>
    <Filter Include="Header Files">
      <UniqueIdentifier>{93995380-89BD-4b04-88EB-625FBE52EBFB}</UniqueIdentifier>
      <Extensions>h;hh;hpp;hxx;hm;inl;inc;xsd</Extensions>
    </Filter>
    <Filter Include="Resource Files">
      <UniqueIdentifier>{67DA6AB6-F800-4c08-8B7A-83BB121AAD01}</UniqueIdentifier>
      <Extensions>rc;ico;cur;bmp;dlg;rc2;rct;bin;rgs;gif;jpg;jpeg;jpe;resx;tiff;tif;png;wav;mfcribbon-ms</Extensions>
    </Filter>
  </ItemGroup>
  <ItemGroup>
    <None Include="C:\Users\rrvt\AppData\Roaming\PreOutpost\PreOutpost.ini" />
    <None Include="..\Profiles\Kenwood D710.profile" />
    <None Include="..\Profiles\Outpost.profile" />
    <None Include="C:\Users\rrvt\AppData\Roaming\PreOutpost\D710.MProfile" />
    <None Include="C:\Users\rrvt\AppData\Roaming\PreOutpost\FT1900.MProfile" />
    <None Include="..\Docs\GroupsIO.txt" />
    <None Include="res\PreOutpost.rc2">
      <Filter>Resource Files</Filter>
    </None>
    <None Include="..\README.md" />
    <None Include="AboutDlgEx.rc2">
      <Filter>Resource Files</Filter>
    </None>
  </ItemGroup>
  <ItemGroup>
    <ClCompile Include="BBSdlg.cpp">
      <Filter>Source Files</Filter>
    </ClCompile>
    <ClCompile Include="BBSinfo.cpp">
      <Filter>Source Files</Filter>
    </ClCompile>
    <ClCompile Include="ChildView.cpp">
      <Filter>Source Files</Filter>
    </ClCompile>
    <ClCompile Include="DelMasterDlg.cpp">
      <Filter>Source Files</Filter>
    </ClCompile>
    <ClCompile Include="Identity.cpp">
      <Filter>Source Files</Filter>
    </ClCompile>
    <ClCompile Include="IdentityDlg.cpp">
      <Filter>Source Files</Filter>
    </ClCompile>
    <ClCompile Include="ListItems.cpp">
      <Filter>Source Files</Filter>
    </ClCompile>
    <ClCompile Include="MainFrm.cpp">
      <Filter>Source Files</Filter>
    </ClCompile>
    <ClCompile Include="MasterMgmtDlg.cpp">
      <Filter>Source Files</Filter>
    </ClCompile>
    <ClCompile Include="MasterProf.cpp">
      <Filter>Source Files</Filter>
    </ClCompile>
    <ClCompile Include="NewMaster.cpp">
      <Filter>Source Files</Filter>
    </ClCompile>
    <ClCompile Include="NewMasterDlg.cpp">
      <Filter>Source Files</Filter>
    </ClCompile>
    <ClCompile Include="PreOutpost.cpp">
      <Filter>Source Files</Filter>
    </ClCompile>
    <ClCompile Include="SelectMasterDlg.cpp">
      <Filter>Source Files</Filter>
    </ClCompile>
    <ClCompile Include="UsrData.cpp">
      <Filter>Source Files</Filter>
    </ClCompile>
    <ClCompile Include="stdafx.cpp">
      <Filter>Source Files</Filter>
    </ClCompile>
    <ClCompile Include="..\Common.prj\OutpostChoiceDlg.cpp">
      <Filter>Source Files</Filter>
    </ClCompile>
    <ClCompile Include="..\Common.prj\ProgramFiles.cpp">
      <Filter>Source Files</Filter>
    </ClCompile>
    <ClCompile Include="AboutDlgEx.cpp">
      <Filter>Source Files</Filter>
    </ClCompile>
  </ItemGroup>
  <ItemGroup>
    <ClInclude Include="BBSdlg.h">
      <Filter>Header Files</Filter>
    </ClInclude>
    <ClInclude Include="BBSinfo.h">
      <Filter>Header Files</Filter>
    </ClInclude>
    <ClInclude Include="ChildView.h">
      <Filter>Header Files</Filter>
    </ClInclude>
    <ClInclude Include="DelMasterDlg.h">
      <Filter>Header Files</Filter>
    </ClInclude>
    <ClInclude Include="Identity.h">
      <Filter>Header Files</Filter>
    </ClInclude>
    <ClInclude Include="IdentityDlg.h">
      <Filter>Header Files</Filter>
    </ClInclude>
    <ClInclude Include="ListItems.h">
      <Filter>Header Files</Filter>
    </ClInclude>
    <ClInclude Include="MainFrm.h">
      <Filter>Header Files</Filter>
    </ClInclude>
    <ClInclude Include="MasterMgmtDlg.h">
      <Filter>Header Files</Filter>
    </ClInclude>
    <ClInclude Include="MasterProf.h">
      <Filter>Header Files</Filter>
    </ClInclude>
    <ClInclude Include="NewMaster.h">
      <Filter>Header Files</Filter>
    </ClInclude>
    <ClInclude Include="NewMasterDlg.h">
      <Filter>Header Files</Filter>
    </ClInclude>
    <ClInclude Include="PreOutpost.h">
      <Filter>Header Files</Filter>
    </ClInclude>
    <ClInclude Include="resource.h">
      <Filter>Header Files</Filter>
    </ClInclude>
    <ClInclude Include="SelectMasterDlg.h">
      <Filter>Header Files</Filter>
    </ClInclude>
    <ClInclude Include="UsrData.h">
      <Filter>Header Files</Filter>
    </ClInclude>
    <ClInclude Include="stdafx.h">
      <Filter>Header Files</Filter>
    </ClInclude>
    <ClInclude Include="targetver.h">
      <Filter>Header Files</Filter>
    </ClInclude>
    <ClInclude Include="..\Common.prj\OutpostChoiceDlg.h">
      <Filter>Header Files</Filter>
    </ClInclude>
    <ClInclude Include="..\Common.prj\ProgramFiles.h">
      <Filter>Header Files</Filter>
    </ClInclude>
    <ClInclude Include="..\..\Library\Extras\ExtraResource.h">
      <Filter>Header Files</Filter>
    </ClInclude>
    <ClInclude Include="AboutDlgEx.h">
      <Filter>Header Files</Filter>
    </ClInclude>
  </ItemGroup>
  <ItemGroup>
    <ResourceCompile Include="PreOutpost.rc">
      <Filter>Resource Files</Filter>
    </ResourceCompile>
  </ItemGroup>
  <ItemGroup>
    <Image Include="res\PreOutpost.ico">
      <Filter>Resource Files</Filter>
    </Image>
    <Image Include="res\Routing.ico">
      <Filter>Resource Files</Filter>
    </Image>
    <Image Include="res\UIPreOutpost.ico">
      <Filter>Resource Files</Filter>
    </Image>
  </ItemGroup>
</Project>