<?xml version="1.0" encoding="utf-8"?>
<Project ToolsVersion="4.0" xmlns="http://schemas.microsoft.com/developer/msbuild/2003">
  <ItemGroup>
    <Filter Include="Source Files">
      <UniqueIdentifier>{4FC737F1-C7A5-4376-A066-2A32D752A2FF}</UniqueIdentifier>
      <Extensions>cpp;c;cc;cxx;def;odl;idl;hpj;bat;asm;asmx</Extensions>
    </Filter>
    <Filter Include="Header Files">
      <UniqueIdentifier>{93995380-89BD-4b04-88EB-625FBE52EBFB}</UniqueIdentifier>
      <Extensions>h;hh;hpp;hxx;hm;inl;inc;xsd</Extensions>
    </Filter>
    <Filter Include="Resource Files">
      <UniqueIdentifier>{67DA6AB6-F800-4c08-8B7A-83BB121AAD01}</UniqueIdentifier>
      <Extensions>rc;ico;cur;bmp;dlg;rc2;rct;bin;rgs;gif;jpg;jpeg;jpe;resx;tiff;tif;png;wav;mfcribbon-ms</Extensions>
    </Filter>
  </ItemGroup>
  <ItemGroup>
    <None Include="C:\Users\rrvt\AppData\Roaming\PreOutpost\PreOutpost.ini" />
    <None Include="..\Profiles\Kenwood D710.profile" />
    <None Include="..\Profiles\Outpost.profile" />
    <None Include="C:\Users\rrvt\AppData\Roaming\PreOutpost\D710.MProfile" />
    <None Include="C:\Users\rrvt\AppData\Roaming\PreOutpost\FT1900.MProfile" />
    <None Include="..\PreOCommonFiles\res\PreOutpost.ico">
      <Filter>Resource Files</Filter>
    </None>
    <None Include="..\PreOCommonFiles\res\PreOutpost.rc2">
      <Filter>Resource Files</Filter>
    </None>
    <None Include="..\PreOCommonFiles\res\UIPreOutpost.ico">
      <Filter>Resource Files</Filter>
    </None>
    <None Include="..\Docs\GroupsIO.txt" />
  </ItemGroup>
  <ItemGroup>
    <ClCompile Include="stdafx.cpp">
      <Filter>Source Files</Filter>
    </ClCompile>
    <ClCompile Include="..\PreOCommonFiles\About.cpp">
      <Filter>Source Files</Filter>
    </ClCompile>
    <ClCompile Include="..\PreOCommonFiles\BBSdata.cpp">
      <Filter>Source Files</Filter>
    </ClCompile>
    <ClCompile Include="..\PreOCommonFiles\BBSSuffix.cpp">
      <Filter>Source Files</Filter>
    </ClCompile>
    <ClCompile Include="..\PreOCommonFiles\ChildView.cpp">
      <Filter>Source Files</Filter>
    </ClCompile>
    <ClCompile Include="..\PreOCommonFiles\DeleteMasterProfile.cpp">
      <Filter>Source Files</Filter>
    </ClCompile>
    <ClCompile Include="..\PreOCommonFiles\DialogBar.cpp">
      <Filter>Source Files</Filter>
    </ClCompile>
    <ClCompile Include="..\PreOCommonFiles\IdentityDialog.cpp">
      <Filter>Source Files</Filter>
    </ClCompile>
    <ClCompile Include="..\PreOCommonFiles\IdentityInfo.cpp">
      <Filter>Source Files</Filter>
    </ClCompile>
    <ClCompile Include="..\PreOCommonFiles\ListItems.cpp">
      <Filter>Source Files</Filter>
    </ClCompile>
    <ClCompile Include="..\PreOCommonFiles\MainFrm.cpp">
      <Filter>Source Files</Filter>
    </ClCompile>
    <ClCompile Include="..\PreOCommonFiles\ManageMasterProfiles.cpp">
      <Filter>Source Files</Filter>
    </ClCompile>
    <ClCompile Include="..\PreOCommonFiles\MasterProfile.cpp">
      <Filter>Source Files</Filter>
    </ClCompile>
    <ClCompile Include="..\PreOCommonFiles\PreOutpost.cpp">
      <Filter>Source Files</Filter>
    </ClCompile>
    <ClCompile Include="..\PreOCommonFiles\UsrData.cpp">
      <Filter>Source Files</Filter>
    </ClCompile>
    <ClCompile Include="..\CommonFiles\OutpostChoiceDlg.cpp">
      <Filter>Source Files</Filter>
    </ClCompile>
    <ClCompile Include="..\CommonFiles\ProgramFiles.cpp">
      <Filter>Source Files</Filter>
    </ClCompile>
  </ItemGroup>
  <ItemGroup>
    <ClInclude Include="stdafx.h">
      <Filter>Header Files</Filter>
    </ClInclude>
    <ClInclude Include="targetver.h">
      <Filter>Header Files</Filter>
    </ClInclude>
    <ClInclude Include="..\PreOCommonFiles\About.h">
      <Filter>Header Files</Filter>
    </ClInclude>
    <ClInclude Include="..\PreOCommonFiles\BBSdata.h">
      <Filter>Header Files</Filter>
    </ClInclude>
    <ClInclude Include="..\PreOCommonFiles\BBSSuffix.h">
      <Filter>Header Files</Filter>
    </ClInclude>
    <ClInclude Include="..\PreOCommonFiles\ChildView.h">
      <Filter>Header Files</Filter>
    </ClInclude>
    <ClInclude Include="..\PreOCommonFiles\DeleteMasterProfile.h">
      <Filter>Header Files</Filter>
    </ClInclude>
    <ClInclude Include="..\PreOCommonFiles\DialogBar.h">
      <Filter>Header Files</Filter>
    </ClInclude>
    <ClInclude Include="..\PreOCommonFiles\IdentityDialog.h">
      <Filter>Header Files</Filter>
    </ClInclude>
    <ClInclude Include="..\PreOCommonFiles\IdentityInfo.h">
      <Filter>Header Files</Filter>
    </ClInclude>
    <ClInclude Include="..\PreOCommonFiles\ListItems.h">
      <Filter>Header Files</Filter>
    </ClInclude>
    <ClInclude Include="..\PreOCommonFiles\MainFrm.h">
      <Filter>Header Files</Filter>
    </ClInclude>
    <ClInclude Include="..\PreOCommonFiles\ManageMasterProfiles.h">
      <Filter>Header Files</Filter>
    </ClInclude>
    <ClInclude Include="..\PreOCommonFiles\MasterProfile.h">
      <Filter>Header Files</Filter>
    </ClInclude>
    <ClInclude Include="..\PreOCommonFiles\PreOutpost.h">
      <Filter>Header Files</Filter>
    </ClInclude>
    <ClInclude Include="..\PreOCommonFiles\resource.h">
      <Filter>Header Files</Filter>
    </ClInclude>
    <ClInclude Include="..\PreOCommonFiles\UsrData.h">
      <Filter>Header Files</Filter>
    </ClInclude>
    <ClInclude Include="..\CommonFiles\OutpostChoiceDlg.h">
      <Filter>Header Files</Filter>
    </ClInclude>
    <ClInclude Include="..\CommonFiles\ProgramFiles.h">
      <Filter>Header Files</Filter>
    </ClInclude>
  </ItemGroup>
  <ItemGroup>
    <ResourceCompile Include="..\PreOCommonFiles\PreOutpost.rc">
      <Filter>Resource Files</Filter>
    </ResourceCompile>
  </ItemGroup>
</Project>
